
Microsoft Visual Studio Solution File, Format Version 12.00
# Visual Studio Version 16
VisualStudioVersion = 16.0.31205.134
MinimumVisualStudioVersion = 10.0.40219.1
Project("{FAE04EC0-301F-11D3-BF4B-00C04F79EFBC}") = "SalesWebMVC", "SalesWebMVC\SalesWebMVC.csproj", "{DB177D2F-F83F-4178-B69C-4CD22122E529}"
EndProject
Global
	GlobalSection(SolutionConfigurationPlatforms) = preSolution
		Debug|Any CPU = Debug|Any CPU
		Release|Any CPU = Release|Any CPU
	EndGlobalSection
	GlobalSection(ProjectConfigurationPlatforms) = postSolution
		{DB177D2F-F83F-4178-B69C-4CD22122E529}.Debug|Any CPU.ActiveCfg = Debug|Any CPU
		{DB177D2F-F83F-4178-B69C-4CD22122E529}.Debug|Any CPU.Build.0 = Debug|Any CPU
		{DB177D2F-F83F-4178-B69C-4CD22122E529}.Release|Any CPU.ActiveCfg = Release|Any CPU
		{DB177D2F-F83F-4178-B69C-4CD22122E529}.Release|Any CPU.Build.0 = Release|Any CPU
	EndGlobalSection
	GlobalSection(SolutionProperties) = preSolution
		HideSolutionNode = FALSE
	EndGlobalSection
	GlobalSection(ExtensibilityGlobals) = postSolution
		SolutionGuid = {AE5DD7E4-389B-4551-AFD7-546EB3DDA69D}
	EndGlobalSection
EndGlobal
